{
  "name": "abhishek-package",
  "version": "1.0.2",
  "lockfileVersion": 3,
  "requires": true,
  "packages": {
    "": {
      "name": "abhishek-package",
      "version": "1.0.2",
      "license": "ISC",
      "dependencies": {
        "abhishek-package": "^1.0.2"
      }
    },
    "node_modules/abhishek-package": {
      "version": "1.0.2",
      "resolved": "https://registry.npmjs.org/abhishek-package/-/abhishek-package-1.0.2.tgz",
      "integrity": "sha512-gqA3fowtSLqitpByXKsmciBB0G4EtO7pNde9aQgjJJ8pcVlz8PYGdIJvGtBjdAMaFo3EI5sKCXY7TNLNBWTY1w=="
    }
  }
}
